
Microsoft Visual Studio Solution File, Format Version 12.00
# Visual Studio Version 17
VisualStudioVersion = 17.9.34622.214
MinimumVisualStudioVersion = 10.0.40219.1
Project("{FAE04EC0-301F-11D3-BF4B-00C04F79EFBC}") = "application.Server", "application\application.Server\application.Server.csproj", "{ECF59FB2-55F3-4A8A-8A72-FA2953B2ED23}"
EndProject
Project("{54A90642-561A-4BB1-A94E-469ADEE60C69}") = "application.client", "application\application.client\application.client.esproj", "{036A3C61-16E8-4CF5-860E-BD9C1D773273}"
EndProject
Global
	GlobalSection(SolutionConfigurationPlatforms) = preSolution
		Debug|Any CPU = Debug|Any CPU
		Release|Any CPU = Release|Any CPU
	EndGlobalSection
	GlobalSection(ProjectConfigurationPlatforms) = postSolution
		{ECF59FB2-55F3-4A8A-8A72-FA2953B2ED23}.Debug|Any CPU.ActiveCfg = Debug|Any CPU
		{ECF59FB2-55F3-4A8A-8A72-FA2953B2ED23}.Debug|Any CPU.Build.0 = Debug|Any CPU
		{ECF59FB2-55F3-4A8A-8A72-FA2953B2ED23}.Release|Any CPU.ActiveCfg = Release|Any CPU
		{ECF59FB2-55F3-4A8A-8A72-FA2953B2ED23}.Release|Any CPU.Build.0 = Release|Any CPU
		{036A3C61-16E8-4CF5-860E-BD9C1D773273}.Debug|Any CPU.ActiveCfg = Debug|Any CPU
		{036A3C61-16E8-4CF5-860E-BD9C1D773273}.Debug|Any CPU.Build.0 = Debug|Any CPU
		{036A3C61-16E8-4CF5-860E-BD9C1D773273}.Debug|Any CPU.Deploy.0 = Debug|Any CPU
		{036A3C61-16E8-4CF5-860E-BD9C1D773273}.Release|Any CPU.ActiveCfg = Release|Any CPU
		{036A3C61-16E8-4CF5-860E-BD9C1D773273}.Release|Any CPU.Build.0 = Release|Any CPU
		{036A3C61-16E8-4CF5-860E-BD9C1D773273}.Release|Any CPU.Deploy.0 = Release|Any CPU
	EndGlobalSection
	GlobalSection(SolutionProperties) = preSolution
		HideSolutionNode = FALSE
	EndGlobalSection
	GlobalSection(ExtensibilityGlobals) = postSolution
		SolutionGuid = {8916CF37-7217-4918-9E63-984C60CF115B}
	EndGlobalSection
EndGlobal
